{
  "requires": true,
  "lockfileVersion": 1,
  "dependencies": {
    "@fullcalendar/core": {
      "version": "4.1.0",
      "resolved": "https://registry.npmjs.org/@fullcalendar/core/-/core-4.1.0.tgz",
      "integrity": "sha512-pyBRbNnppQH5iPnhENrNIkvOxjPdR46o7HMuSx3M+OlGVZLygbb97sKg5XuJx6Bn3hFP0EJXKmA9/GCfeP9PPQ=="
    },
    "@fullcalendar/daygrid": {
      "version": "4.1.0",
      "resolved": "https://registry.npmjs.org/@fullcalendar/daygrid/-/daygrid-4.1.0.tgz",
      "integrity": "sha512-y2w+js+cr0SFC3f88QIS91V8LeZ5TEG/W6hX+CcokP+KTZdepW0uCjPzf9QwVE0LM904tZ2kjCe209hZGfSNGg=="
    },
    "@fullcalendar/resource-common": {
      "version": "4.1.0",
      "resolved": "https://registry.npmjs.org/@fullcalendar/resource-common/-/resource-common-4.1.0.tgz",
      "integrity": "sha512-IaqUeHnjTZtVoiJsvcJqNuUdh8UQl1wYcbdA1n2Xu/e/9lUKKUVHmrzAuq+YdfwhOsmXeTGgMy2Fu9NazRXSjQ=="
    },
    "@fullcalendar/resource-daygrid": {
      "version": "4.1.0",
      "resolved": "https://registry.npmjs.org/@fullcalendar/resource-daygrid/-/resource-daygrid-4.1.0.tgz",
      "integrity": "sha512-Q6rAh00FqKgLdmeymR/gTDKvqQ2umo5rfGjfMJskrA9oVCZDv/ZBBbVq/Rc8k+UcB3pn+vo32VSbmwDfIus5hA==",
      "requires": {
        "@fullcalendar/daygrid": "~4.1.0",
        "@fullcalendar/resource-common": "~4.1.0"
      }
    },
    "@fullcalendar/resource-timeline": {
      "version": "4.1.0",
      "resolved": "https://registry.npmjs.org/@fullcalendar/resource-timeline/-/resource-timeline-4.1.0.tgz",
      "integrity": "sha512-/FZpwyjvZD3IhV+Y2yLnqiiXEbN0AeZDmb5ACGOqHrqDyEnA+gkbOq83K46lf9CGJOMlE9jqb5Hbx7VMRxGaEA==",
      "requires": {
        "@fullcalendar/resource-common": "~4.1.0",
        "@fullcalendar/timeline": "~4.1.0"
      }
    },
    "@fullcalendar/timeline": {
      "version": "4.1.0",
      "resolved": "https://registry.npmjs.org/@fullcalendar/timeline/-/timeline-4.1.0.tgz",
      "integrity": "sha512-GS3ocCuK8dvM+cbsBtqhEOnUl1u0/FO8b8wpgH+kxT8K4bkPoOTyRRqeX4oZKkNSxZReFHOfYfTUVHpwhhSEGQ=="
    }
  }
}
